
Microsoft Visual Studio Solution File, Format Version 12.00
# Visual Studio Version 16
VisualStudioVersion = 16.0.29609.76
MinimumVisualStudioVersion = 10.0.40219.1
Project("{FAE04EC0-301F-11D3-BF4B-00C04F79EFBC}") = "angular2", "angular2\angular2.csproj", "{127397E8-F270-403D-BEC4-D11883DA5D17}"
EndProject
Project("{FAE04EC0-301F-11D3-BF4B-00C04F79EFBC}") = "AngularWithWebAPI", "AngularWithWebAPI\AngularWithWebAPI.csproj", "{6249AECB-A59E-43DB-93DD-505416F9E61F}"
EndProject
Global
	GlobalSection(SolutionConfigurationPlatforms) = preSolution
		Debug|Any CPU = Debug|Any CPU
		Release|Any CPU = Release|Any CPU
	EndGlobalSection
	GlobalSection(ProjectConfigurationPlatforms) = postSolution
		{127397E8-F270-403D-BEC4-D11883DA5D17}.Debug|Any CPU.ActiveCfg = Debug|Any CPU
		{127397E8-F270-403D-BEC4-D11883DA5D17}.Debug|Any CPU.Build.0 = Debug|Any CPU
		{127397E8-F270-403D-BEC4-D11883DA5D17}.Release|Any CPU.ActiveCfg = Release|Any CPU
		{127397E8-F270-403D-BEC4-D11883DA5D17}.Release|Any CPU.Build.0 = Release|Any CPU
		{6249AECB-A59E-43DB-93DD-505416F9E61F}.Debug|Any CPU.ActiveCfg = Debug|Any CPU
		{6249AECB-A59E-43DB-93DD-505416F9E61F}.Debug|Any CPU.Build.0 = Debug|Any CPU
		{6249AECB-A59E-43DB-93DD-505416F9E61F}.Release|Any CPU.ActiveCfg = Release|Any CPU
		{6249AECB-A59E-43DB-93DD-505416F9E61F}.Release|Any CPU.Build.0 = Release|Any CPU
	EndGlobalSection
	GlobalSection(SolutionProperties) = preSolution
		HideSolutionNode = FALSE
	EndGlobalSection
	GlobalSection(ExtensibilityGlobals) = postSolution
		SolutionGuid = {2EA238A6-0CC9-4B1C-86B1-DE60C8C92E06}
	EndGlobalSection
EndGlobal
